version = 1
revision = 1
requires-python = ">=3.13"

[[package]]
name = "mpi4py"
version = "4.1.1"
source = { registry = "https://pypi.org/simple" }
sdist = { url = "https://files.pythonhosted.org/packages/62/74/28ea85b0b949cad827ea50720e00e814e88c8fd536c27c3c491e4f025724/mpi4py-4.1.1.tar.gz", hash = "sha256:eb2c8489bdbc47fdc6b26ca7576e927a11b070b6de196a443132766b3d0a2a22", size = 500518 }
wheels = [
    { url = "https://files.pythonhosted.org/packages/36/b3/2e7df40608f2188dca16e38f8030add1071f06b1cd94dd8a4e16b9acbd84/mpi4py-4.1.1-cp310-abi3-macosx_10_9_x86_64.whl", hash = "sha256:1586f5d1557abed9cba7e984d18f32e787b353be0986e599974db177ae36329a", size = 1422849 },
    { url = "https://files.pythonhosted.org/packages/6d/ed/970bd3edc0e614eccc726fa406255b88f728a8bc059e81f96f28d6ede0af/mpi4py-4.1.1-cp310-abi3-macosx_11_0_arm64.whl", hash = "sha256:ba85e4778d63c750226de95115c92b709f38d7e661be660a275da4f0992ee197", size = 1326982 },
    { url = "https://files.pythonhosted.org/packages/5d/c3/f9a5d1f9ba52ac6386bf3d3550027f42a6b102b0432113cc43294420feb2/mpi4py-4.1.1-cp310-abi3-manylinux1_x86_64.manylinux_2_5_x86_64.whl", hash = "sha256:0a8332884626994d9ef48da233dc7a0355f4868dd7ff59f078d5813a2935b930", size = 1373127 },
    { url = "https://files.pythonhosted.org/packages/84/d1/1fe75025df801d817ed49371c719559f742f3f263323442d34dbe3366af3/mpi4py-4.1.1-cp310-abi3-manylinux2014_aarch64.manylinux_2_17_aarch64.whl", hash = "sha256:6e0352860f0b3e18bc0dcb47e42e583ccb9472f89752d711a6fca46a38670554", size = 1225134 },
    { url = "https://files.pythonhosted.org/packages/40/44/d653fec0e4ca8181645da4bfb2763017625e5b3f151b208fadd932cb1766/mpi4py-4.1.1-cp310-abi3-win_amd64.whl", hash = "sha256:0f46dfe666a599e4bd2641116b2b4852a3ed9d37915edf98fae471d666663128", size = 1478863 },
    { url = "https://files.pythonhosted.org/packages/30/75/2ffccd69360680a0216e71f90fd50dc8ff49711be54502d522a068196c68/mpi4py-4.1.1-cp313-cp313-macosx_10_13_x86_64.whl", hash = "sha256:f3dd973c509f2dbb6904c035a4a071509cde98decf0528fa21e2e7d5db5cc988", size = 1710002 },
    { url = "https://files.pythonhosted.org/packages/3c/13/22fa9dcbc5e4ae6fd10cba6d49b7c879c30c5bea88f450f79b373d200f40/mpi4py-4.1.1-cp313-cp313-macosx_11_0_arm64.whl", hash = "sha256:c8c83a359e62dd7fdd030360f430e0e8986df029c0953ab216ff97a110038dc4", size = 1484623 },
    { url = "https://files.pythonhosted.org/packages/47/01/476f0f9dc96261d02214009f42e10338fc56f260f1f10b23ee89c515c8b7/mpi4py-4.1.1-cp313-cp313-manylinux1_x86_64.manylinux_2_5_x86_64.whl", hash = "sha256:323ba354ba951c7736c033c5f2ad07bb1276f9696f0312ea6ff0a28cd0ab3e3d", size = 1448403 },
    { url = "https://files.pythonhosted.org/packages/a2/20/dc990edb7b075ecdba4e02bcd03d1583faeb84f664d1585c4c00a0f9851a/mpi4py-4.1.1-cp313-cp313-manylinux2014_aarch64.manylinux_2_17_aarch64.whl", hash = "sha256:8c4ef9fe5fb211b1c5b6afe521397e3feb01e104024d6bc37aa4289c370605e2", size = 1318018 },
    { url = "https://files.pythonhosted.org/packages/4e/bf/b0ab43a99ac2a1d6d5765cb7d2a4f093656090ce07528043057ecc3e87cb/mpi4py-4.1.1-cp313-cp313-win_amd64.whl", hash = "sha256:e13a1ba26604514a12c95b7d76058ce800d5740d5f5f3b50c4b782cfa0dfaa1f", size = 1722939 },
    { url = "https://files.pythonhosted.org/packages/84/26/3e00dc536311e758096414b4f33beb4c7f04dff875e87a6e88fbbe4fc2d8/mpi4py-4.1.1-cp313-cp313t-macosx_10_13_x86_64.whl", hash = "sha256:28ce1f7412f5e99a6b9fe2547203633431d0ee45670413a475a07e6c785e63b1", size = 1798116 },
    { url = "https://files.pythonhosted.org/packages/15/51/d06d2b126be5660aca8c00fe0d940a8658085038f61a9cfc834d3d5ffa80/mpi4py-4.1.1-cp313-cp313t-macosx_11_0_arm64.whl", hash = "sha256:dd1e49b84a0651018517e87daf68085719eca25e5c9a7cd05d98a73418c88836", size = 1586285 },
    { url = "https://files.pythonhosted.org/packages/51/63/eeb936e0e8cfd8160b6b297645c730b22d242595861cf6a2fa627a358175/mpi4py-4.1.1-cp313-cp313t-manylinux1_x86_64.manylinux_2_5_x86_64.whl", hash = "sha256:dd869ea7758b591ffbb1483588a6fbf84952a5090e80a45ea89674d55cf25f3b", size = 1514102 },
    { url = "https://files.pythonhosted.org/packages/1a/c1/06967d4c107ea7169d2120c4fb86c404707e6de82e277dc9f0fa5a9c1bf1/mpi4py-4.1.1-cp313-cp313t-manylinux2014_aarch64.manylinux_2_17_aarch64.whl", hash = "sha256:475da0797442cba723c0ad37da6a1c51d9624e697dd8bf89f23d0fad81e73eda", size = 1395247 },
    { url = "https://files.pythonhosted.org/packages/9e/7c/5f0f32b39185f0a7074c165dc37cdd235bfd737928a2fe223e41b308fb4c/mpi4py-4.1.1-cp313-cp313t-win_amd64.whl", hash = "sha256:8d3bfa074776d9507ee957f5230d11ecd03da23f601a85349a1a333eaf55e5fa", size = 1771515 },
    { url = "https://files.pythonhosted.org/packages/6a/e8/93ddde2b6ee7631b46bb79b851630b3527d9060b9b999844bcd882977539/mpi4py-4.1.1-cp314-cp314-macosx_10_13_x86_64.whl", hash = "sha256:1deb6f9df28ec6972305287cb2035c20d3f5af59f687f962080756374c16e48f", size = 1713353 },
    { url = "https://files.pythonhosted.org/packages/b2/23/449562bd23fcfbd7d01006b39429972bfed5dfb8541355d06d2e17c16c27/mpi4py-4.1.1-cp314-cp314-macosx_11_0_arm64.whl", hash = "sha256:1bb1e3ad0b9047b0dbc7b4014160a7ab2a84f1627be665527c7445fc312f189b", size = 1496415 },
    { url = "https://files.pythonhosted.org/packages/51/33/9a5b9ae66cbb095b711f4ddae6d2d4b0f55202ac9e503fd588b101f04a22/mpi4py-4.1.1-cp314-cp314-manylinux1_x86_64.manylinux_2_5_x86_64.whl", hash = "sha256:5f757e3089abf2c9db69fac1665fa99c52ed392fdf799159f25cba9ee3b64f5a", size = 1450750 },
    { url = "https://files.pythonhosted.org/packages/d2/88/6acf948f19cb59c0e8843fed4ab4c471b7644e8a16c2d5d9c7ab6d73d573/mpi4py-4.1.1-cp314-cp314-manylinux2014_aarch64.manylinux_2_17_aarch64.whl", hash = "sha256:807c6f1ed3adbc12952db52127e34cfbd6c48a05c3b3dd59deee2d2f09d78888", size = 1325773 },
    { url = "https://files.pythonhosted.org/packages/6a/b4/3021e073772cd9e1062a810b7298e68ea40933fb91b1c1c0d07c968dce5c/mpi4py-4.1.1-cp314-cp314-win_amd64.whl", hash = "sha256:2c85983d38d77e6302a242e32afd2a9a9b3adedd770e199a38e5b8957150e7ac", size = 1721603 },
    { url = "https://files.pythonhosted.org/packages/ed/02/b6700c24fe28588a4e40adb23d02fe2aea82b33495fd6290235da5199383/mpi4py-4.1.1-cp314-cp314t-macosx_10_13_x86_64.whl", hash = "sha256:729c4f625ad60e5cfb6c260608d249dc35a33cc16605faff01c6adbbd7e8ce0f", size = 1799551 },
    { url = "https://files.pythonhosted.org/packages/5a/93/9c9870174183869bd5a50bbfe7bda91a52bf7ca2d0851de4009590e735a2/mpi4py-4.1.1-cp314-cp314t-macosx_11_0_arm64.whl", hash = "sha256:3cca235d46009f54cb319c779c6ac53d41ce1eee3cf07f157995bc7739329b97", size = 1587583 },
    { url = "https://files.pythonhosted.org/packages/29/12/c46bec2311fc937ed3767312f9feb5f11bc70058c20bc53ae7369d759424/mpi4py-4.1.1-cp314-cp314t-manylinux1_x86_64.manylinux_2_5_x86_64.whl", hash = "sha256:2580fab891db492f32a6e02717e824f6fd5588be6560b08627c1e9322f7ccbfb", size = 1513437 },
    { url = "https://files.pythonhosted.org/packages/09/3e/e46629867204b22ce6804096e0b7d35bb5b473df1d12272021843af726c3/mpi4py-4.1.1-cp314-cp314t-manylinux2014_aarch64.manylinux_2_17_aarch64.whl", hash = "sha256:6beec4841f9436d49ec9cabfd76a19df61c10b21ca14eddafa58fe7977802ee7", size = 1395082 },
    { url = "https://files.pythonhosted.org/packages/1a/ca/7e27edf78cd8ba68aacafc836004cd092a978f0d5ffc8a3eac9e904a3e0e/mpi4py-4.1.1-cp314-cp314t-win_amd64.whl", hash = "sha256:b4b3813da9a7a1fc37ffb8dad314cb396313a40cd3fe150854ab29e999a9eb8c", size = 1771707 },
]

[[package]]
name = "numpy"
version = "2.3.4"
source = { registry = "https://pypi.org/simple" }
sdist = { url = "https://files.pythonhosted.org/packages/b5/f4/098d2270d52b41f1bd7db9fc288aaa0400cb48c2a3e2af6fa365d9720947/numpy-2.3.4.tar.gz", hash = "sha256:a7d018bfedb375a8d979ac758b120ba846a7fe764911a64465fd87b8729f4a6a", size = 20582187 }
wheels = [
    { url = "https://files.pythonhosted.org/packages/57/7e/b72610cc91edf138bc588df5150957a4937221ca6058b825b4725c27be62/numpy-2.3.4-cp313-cp313-macosx_10_13_x86_64.whl", hash = "sha256:c090d4860032b857d94144d1a9976b8e36709e40386db289aaf6672de2a81966", size = 20950335 },
    { url = "https://files.pythonhosted.org/packages/3e/46/bdd3370dcea2f95ef14af79dbf81e6927102ddf1cc54adc0024d61252fd9/numpy-2.3.4-cp313-cp313-macosx_11_0_arm64.whl", hash = "sha256:a13fc473b6db0be619e45f11f9e81260f7302f8d180c49a22b6e6120022596b3", size = 14179878 },
    { url = "https://files.pythonhosted.org/packages/ac/01/5a67cb785bda60f45415d09c2bc245433f1c68dd82eef9c9002c508b5a65/numpy-2.3.4-cp313-cp313-macosx_14_0_arm64.whl", hash = "sha256:3634093d0b428e6c32c3a69b78e554f0cd20ee420dcad5a9f3b2a63762ce4197", size = 5108673 },
    { url = "https://files.pythonhosted.org/packages/c2/cd/8428e23a9fcebd33988f4cb61208fda832800ca03781f471f3727a820704/numpy-2.3.4-cp313-cp313-macosx_14_0_x86_64.whl", hash = "sha256:043885b4f7e6e232d7df4f51ffdef8c36320ee9d5f227b380ea636722c7ed12e", size = 6641438 },
    { url = "https://files.pythonhosted.org/packages/3e/d1/913fe563820f3c6b079f992458f7331278dcd7ba8427e8e745af37ddb44f/numpy-2.3.4-cp313-cp313-manylinux_2_27_aarch64.manylinux_2_28_aarch64.whl", hash = "sha256:4ee6a571d1e4f0ea6d5f22d6e5fbd6ed1dc2b18542848e1e7301bd190500c9d7", size = 14281290 },
    { url = "https://files.pythonhosted.org/packages/9e/7e/7d306ff7cb143e6d975cfa7eb98a93e73495c4deabb7d1b5ecf09ea0fd69/numpy-2.3.4-cp313-cp313-manylinux_2_27_x86_64.manylinux_2_28_x86_64.whl", hash = "sha256:fc8a63918b04b8571789688b2780ab2b4a33ab44bfe8ccea36d3eba51228c953", size = 16636543 },
    { url = "https://files.pythonhosted.org/packages/47/6a/8cfc486237e56ccfb0db234945552a557ca266f022d281a2f577b98e955c/numpy-2.3.4-cp313-cp313-musllinux_1_2_aarch64.whl", hash = "sha256:40cc556d5abbc54aabe2b1ae287042d7bdb80c08edede19f0c0afb36ae586f37", size = 16056117 },
    { url = "https://files.pythonhosted.org/packages/b1/0e/42cb5e69ea901e06ce24bfcc4b5664a56f950a70efdcf221f30d9615f3f3/numpy-2.3.4-cp313-cp313-musllinux_1_2_x86_64.whl", hash = "sha256:ecb63014bb7f4ce653f8be7f1df8cbc6093a5a2811211770f6606cc92b5a78fd", size = 18577788 },
    { url = "https://files.pythonhosted.org/packages/86/92/41c3d5157d3177559ef0a35da50f0cda7fa071f4ba2306dd36818591a5bc/numpy-2.3.4-cp313-cp313-win32.whl", hash = "sha256:e8370eb6925bb8c1c4264fec52b0384b44f675f191df91cbe0140ec9f0955646", size = 6282620 },
    { url = "https://files.pythonhosted.org/packages/09/97/fd421e8bc50766665ad35536c2bb4ef916533ba1fdd053a62d96cc7c8b95/numpy-2.3.4-cp313-cp313-win_amd64.whl", hash = "sha256:56209416e81a7893036eea03abcb91c130643eb14233b2515c90dcac963fe99d", size = 12784672 },
    { url = "https://files.pythonhosted.org/packages/ad/df/5474fb2f74970ca8eb978093969b125a84cc3d30e47f82191f981f13a8a0/numpy-2.3.4-cp313-cp313-win_arm64.whl", hash = "sha256:a700a4031bc0fd6936e78a752eefb79092cecad2599ea9c8039c548bc097f9bc", size = 10196702 },
    { url = "https://files.pythonhosted.org/packages/11/83/66ac031464ec1767ea3ed48ce40f615eb441072945e98693bec0bcd056cc/numpy-2.3.4-cp313-cp313t-macosx_10_13_x86_64.whl", hash = "sha256:86966db35c4040fdca64f0816a1c1dd8dbd027d90fca5a57e00e1ca4cd41b879", size = 21049003 },
    { url = "https://files.pythonhosted.org/packages/5f/99/5b14e0e686e61371659a1d5bebd04596b1d72227ce36eed121bb0aeab798/numpy-2.3.4-cp313-cp313t-macosx_11_0_arm64.whl", hash = "sha256:838f045478638b26c375ee96ea89464d38428c69170360b23a1a50fa4baa3562", size = 14302980 },
    { url = "https://files.pythonhosted.org/packages/2c/44/e9486649cd087d9fc6920e3fc3ac2aba10838d10804b1e179fb7cbc4e634/numpy-2.3.4-cp313-cp313t-macosx_14_0_arm64.whl", hash = "sha256:d7315ed1dab0286adca467377c8381cd748f3dc92235f22a7dfc42745644a96a", size = 5231472 },
    { url = "https://files.pythonhosted.org/packages/3e/51/902b24fa8887e5fe2063fd61b1895a476d0bbf46811ab0c7fdf4bd127345/numpy-2.3.4-cp313-cp313t-macosx_14_0_x86_64.whl", hash = "sha256:84f01a4d18b2cc4ade1814a08e5f3c907b079c847051d720fad15ce37aa930b6", size = 6739342 },
    { url = "https://files.pythonhosted.org/packages/34/f1/4de9586d05b1962acdcdb1dc4af6646361a643f8c864cef7c852bf509740/numpy-2.3.4-cp313-cp313t-manylinux_2_27_aarch64.manylinux_2_28_aarch64.whl", hash = "sha256:817e719a868f0dacde4abdfc5c1910b301877970195db9ab6a5e2c4bd5b121f7", size = 14354338 },
    { url = "https://files.pythonhosted.org/packages/1f/06/1c16103b425de7969d5a76bdf5ada0804b476fed05d5f9e17b777f1cbefd/numpy-2.3.4-cp313-cp313t-manylinux_2_27_x86_64.manylinux_2_28_x86_64.whl", hash = "sha256:85e071da78d92a214212cacea81c6da557cab307f2c34b5f85b628e94803f9c0", size = 16702392 },
    { url = "https://files.pythonhosted.org/packages/34/b2/65f4dc1b89b5322093572b6e55161bb42e3e0487067af73627f795cc9d47/numpy-2.3.4-cp313-cp313t-musllinux_1_2_aarch64.whl", hash = "sha256:2ec646892819370cf3558f518797f16597b4e4669894a2ba712caccc9da53f1f", size = 16134998 },
    { url = "https://files.pythonhosted.org/packages/d4/11/94ec578896cdb973aaf56425d6c7f2aff4186a5c00fac15ff2ec46998b46/numpy-2.3.4-cp313-cp313t-musllinux_1_2_x86_64.whl", hash = "sha256:035796aaaddfe2f9664b9a9372f089cfc88bd795a67bd1bfe15e6e770934cf64", size = 18651574 },
    { url = "https://files.pythonhosted.org/packages/62/b7/7efa763ab33dbccf56dade36938a77345ce8e8192d6b39e470ca25ff3cd0/numpy-2.3.4-cp313-cp313t-win32.whl", hash = "sha256:fea80f4f4cf83b54c3a051f2f727870ee51e22f0248d3114b8e755d160b38cfb", size = 6413135 },
    { url = "https://files.pythonhosted.org/packages/43/70/aba4c38e8400abcc2f345e13d972fb36c26409b3e644366db7649015f291/numpy-2.3.4-cp313-cp313t-win_amd64.whl", hash = "sha256:15eea9f306b98e0be91eb344a94c0e630689ef302e10c2ce5f7e11905c704f9c", size = 12928582 },
    { url = "https://files.pythonhosted.org/packages/67/63/871fad5f0073fc00fbbdd7232962ea1ac40eeaae2bba66c76214f7954236/numpy-2.3.4-cp313-cp313t-win_arm64.whl", hash = "sha256:b6c231c9c2fadbae4011ca5e7e83e12dc4a5072f1a1d85a0a7b3ed754d145a40", size = 10266691 },
    { url = "https://files.pythonhosted.org/packages/72/71/ae6170143c115732470ae3a2d01512870dd16e0953f8a6dc89525696069b/numpy-2.3.4-cp314-cp314-macosx_10_15_x86_64.whl", hash = "sha256:81c3e6d8c97295a7360d367f9f8553973651b76907988bb6066376bc2252f24e", size = 20955580 },
    { url = "https://files.pythonhosted.org/packages/af/39/4be9222ffd6ca8a30eda033d5f753276a9c3426c397bb137d8e19dedd200/numpy-2.3.4-cp314-cp314-macosx_11_0_arm64.whl", hash = "sha256:7c26b0b2bf58009ed1f38a641f3db4be8d960a417ca96d14e5b06df1506d41ff", size = 14188056 },
    { url = "https://files.pythonhosted.org/packages/6c/3d/d85f6700d0a4aa4f9491030e1021c2b2b7421b2b38d01acd16734a2bfdc7/numpy-2.3.4-cp314-cp314-macosx_14_0_arm64.whl", hash = "sha256:62b2198c438058a20b6704351b35a1d7db881812d8512d67a69c9de1f18ca05f", size = 5116555 },
    { url = "https://files.pythonhosted.org/packages/bf/04/82c1467d86f47eee8a19a464c92f90a9bb68ccf14a54c5224d7031241ffb/numpy-2.3.4-cp314-cp314-macosx_14_0_x86_64.whl", hash = "sha256:9d729d60f8d53a7361707f4b68a9663c968882dd4f09e0d58c044c8bf5faee7b", size = 6643581 },
    { url = "https://files.pythonhosted.org/packages/0c/d3/c79841741b837e293f48bd7db89d0ac7a4f2503b382b78a790ef1dc778a5/numpy-2.3.4-cp314-cp314-manylinux_2_27_aarch64.manylinux_2_28_aarch64.whl", hash = "sha256:bd0c630cf256b0a7fd9d0a11c9413b42fef5101219ce6ed5a09624f5a65392c7", size = 14299186 },
    { url = "https://files.pythonhosted.org/packages/e8/7e/4a14a769741fbf237eec5a12a2cbc7a4c4e061852b6533bcb9e9a796c908/numpy-2.3.4-cp314-cp314-manylinux_2_27_x86_64.manylinux_2_28_x86_64.whl", hash = "sha256:d5e081bc082825f8b139f9e9fe42942cb4054524598aaeb177ff476cc76d09d2", size = 16638601 },
    { url = "https://files.pythonhosted.org/packages/93/87/1c1de269f002ff0a41173fe01dcc925f4ecff59264cd8f96cf3b60d12c9b/numpy-2.3.4-cp314-cp314-musllinux_1_2_aarch64.whl", hash = "sha256:15fb27364ed84114438fff8aaf998c9e19adbeba08c0b75409f8c452a8692c52", size = 16074219 },
    { url = "https://files.pythonhosted.org/packages/cd/28/18f72ee77408e40a76d691001ae599e712ca2a47ddd2c4f695b16c65f077/numpy-2.3.4-cp314-cp314-musllinux_1_2_x86_64.whl", hash = "sha256:85d9fb2d8cd998c84d13a79a09cc0c1091648e848e4e6249b0ccd7f6b487fa26", size = 18576702 },
    { url = "https://files.pythonhosted.org/packages/c3/76/95650169b465ececa8cf4b2e8f6df255d4bf662775e797ade2025cc51ae6/numpy-2.3.4-cp314-cp314-win32.whl", hash = "sha256:e73d63fd04e3a9d6bc187f5455d81abfad05660b212c8804bf3b407e984cd2bc", size = 6337136 },
    { url = "https://files.pythonhosted.org/packages/dc/89/a231a5c43ede5d6f77ba4a91e915a87dea4aeea76560ba4d2bf185c683f0/numpy-2.3.4-cp314-cp314-win_amd64.whl", hash = "sha256:3da3491cee49cf16157e70f607c03a217ea6647b1cea4819c4f48e53d49139b9", size = 12920542 },
    { url = "https://files.pythonhosted.org/packages/0d/0c/ae9434a888f717c5ed2ff2393b3f344f0ff6f1c793519fa0c540461dc530/numpy-2.3.4-cp314-cp314-win_arm64.whl", hash = "sha256:6d9cd732068e8288dbe2717177320723ccec4fb064123f0caf9bbd90ab5be868", size = 10480213 },
    { url = "https://files.pythonhosted.org/packages/83/4b/c4a5f0841f92536f6b9592694a5b5f68c9ab37b775ff342649eadf9055d3/numpy-2.3.4-cp314-cp314t-macosx_10_15_x86_64.whl", hash = "sha256:22758999b256b595cf0b1d102b133bb61866ba5ceecf15f759623b64c020c9ec", size = 21052280 },
    { url = "https://files.pythonhosted.org/packages/3e/80/90308845fc93b984d2cc96d83e2324ce8ad1fd6efea81b324cba4b673854/numpy-2.3.4-cp314-cp314t-macosx_11_0_arm64.whl", hash = "sha256:9cb177bc55b010b19798dc5497d540dea67fd13a8d9e882b2dae71de0cf09eb3", size = 14302930 },
    { url = "https://files.pythonhosted.org/packages/3d/4e/07439f22f2a3b247cec4d63a713faae55e1141a36e77fb212881f7cda3fb/numpy-2.3.4-cp314-cp314t-macosx_14_0_arm64.whl", hash = "sha256:0f2bcc76f1e05e5ab58893407c63d90b2029908fa41f9f1cc51eecce936c3365", size = 5231504 },
    { url = "https://files.pythonhosted.org/packages/ab/de/1e11f2547e2fe3d00482b19721855348b94ada8359aef5d40dd57bfae9df/numpy-2.3.4-cp314-cp314t-macosx_14_0_x86_64.whl", hash = "sha256:8dc20bde86802df2ed8397a08d793da0ad7a5fd4ea3ac85d757bf5dd4ad7c252", size = 6739405 },
    { url = "https://files.pythonhosted.org/packages/3b/40/8cd57393a26cebe2e923005db5134a946c62fa56a1087dc7c478f3e30837/numpy-2.3.4-cp314-cp314t-manylinux_2_27_aarch64.manylinux_2_28_aarch64.whl", hash = "sha256:5e199c087e2aa71c8f9ce1cb7a8e10677dc12457e7cc1be4798632da37c3e86e", size = 14354866 },
    { url = "https://files.pythonhosted.org/packages/93/39/5b3510f023f96874ee6fea2e40dfa99313a00bf3ab779f3c92978f34aace/numpy-2.3.4-cp314-cp314t-manylinux_2_27_x86_64.manylinux_2_28_x86_64.whl", hash = "sha256:85597b2d25ddf655495e2363fe044b0ae999b75bc4d630dc0d886484b03a5eb0", size = 16703296 },
    { url = "https://files.pythonhosted.org/packages/41/0d/19bb163617c8045209c1996c4e427bccbc4bbff1e2c711f39203c8ddbb4a/numpy-2.3.4-cp314-cp314t-musllinux_1_2_aarch64.whl", hash = "sha256:04a69abe45b49c5955923cf2c407843d1c85013b424ae8a560bba16c92fe44a0", size = 16136046 },
    { url = "https://files.pythonhosted.org/packages/e2/c1/6dba12fdf68b02a21ac411c9df19afa66bed2540f467150ca64d246b463d/numpy-2.3.4-cp314-cp314t-musllinux_1_2_x86_64.whl", hash = "sha256:e1708fac43ef8b419c975926ce1eaf793b0c13b7356cfab6ab0dc34c0a02ac0f", size = 18652691 },
    { url = "https://files.pythonhosted.org/packages/f8/73/f85056701dbbbb910c51d846c58d29fd46b30eecd2b6ba760fc8b8a1641b/numpy-2.3.4-cp314-cp314t-win32.whl", hash = "sha256:863e3b5f4d9915aaf1b8ec79ae560ad21f0b8d5e3adc31e73126491bb86dee1d", size = 6485782 },
    { url = "https://files.pythonhosted.org/packages/17/90/28fa6f9865181cb817c2471ee65678afa8a7e2a1fb16141473d5fa6bacc3/numpy-2.3.4-cp314-cp314t-win_amd64.whl", hash = "sha256:962064de37b9aef801d33bc579690f8bfe6c5e70e29b61783f60bcba838a14d6", size = 13113301 },
    { url = "https://files.pythonhosted.org/packages/54/23/08c002201a8e7e1f9afba93b97deceb813252d9cfd0d3351caed123dcf97/numpy-2.3.4-cp314-cp314t-win_arm64.whl", hash = "sha256:8b5a9a39c45d852b62693d9b3f3e0fe052541f804296ff401a72a1b60edafb29", size = 10547532 },
]

[[package]]
name = "tutorial1"
version = "0.1.0"
source = { virtual = "." }
dependencies = [
    { name = "mpi4py" },
    { name = "numpy" },
]

[package.metadata]
requires-dist = [
    { name = "mpi4py", specifier = ">=4.1.1" },
    { name = "numpy", specifier = ">=2.3.4" },
]
